# This file was autogenerated by uv via the following command:
#    uv pip compile pyproject.toml --output-file uv.lock
colorama==0.4.6
    # via pytest
iniconfig==2.3.0
    # via pytest
markdown-it-py==4.0.0
    # via rich
mdurl==0.1.2
    # via markdown-it-py
packaging==25.0
    # via pytest
pluggy==1.6.0
    # via pytest
pygments==2.19.2
    # via
    #   pytest
    #   rich
pytest==8.4.2
    # via gestion-matriculas (pyproject.toml)
rich==14.2.0
    # via gestion-matriculas (pyproject.toml)
ruff==0.14.1
    # via gestion-matriculas (pyproject.toml)
